{
  "name": "Generate",
  "lockfileVersion": 3,
  "requires": true,
  "packages": {
    "": {
      "dependencies": {
        "pluralize": "^8.0.0"
      },
      "devDependencies": {
        "@types/pluralize": "^0.0.33"
      }
    },
    "node_modules/@types/pluralize": {
      "version": "0.0.33",
      "resolved": "https://registry.npmjs.org/@types/pluralize/-/pluralize-0.0.33.tgz",
      "integrity": "sha512-JOqsl+ZoCpP4e8TDke9W79FDcSgPAR0l6pixx2JHkhnRjvShyYiAYw2LVsnA7K08Y6DeOnaU6ujmENO4os/cYg==",
      "dev": true
    },
    "node_modules/pluralize": {
      "version": "8.0.0",
      "resolved": "https://registry.npmjs.org/pluralize/-/pluralize-8.0.0.tgz",
      "integrity": "sha512-Nc3IT5yHzflTfbjgqWcCPpo7DaKy4FnpB0l/zCAW0Tc7jxAiuqSxHasntB3D7887LSrA93kDJ9IXovxJYxyLCA==",
      "engines": {
        "node": ">=4"
      }
    }
  }
}
